{
   "name": "rocket-flicker",
   "version": "5.0.0",
   "lockfileVersion": 1,
   "requires": true,
   "dependencies": {
      "es6-promise": {
         "version": "4.1.1",
         "resolved": "https://registry.npmjs.org/es6-promise/-/es6-promise-4.1.1.tgz",
         "integrity": "sha512-OaU1hHjgJf+b0NzsxCg7NdIYERD6Hy/PEmFLTjw+b65scuisG3Kt4QoTvJ66BBkPZ581gr0kpoVzKnxniM8nng=="
      },
      "rocket-demo": {
         "version": "2.0.1",
         "resolved": "https://registry.npmjs.org/rocket-demo/-/rocket-demo-2.0.1.tgz",
         "integrity": "sha1-BR2/L1e7iJLxZ/UXzgp2krUP2LM=",
         "dev": true
      },
      "rocket-propel": {
         "version": "3.1.1",
         "resolved": "https://registry.npmjs.org/rocket-propel/-/rocket-propel-3.1.1.tgz",
         "integrity": "sha1-DaZK83/PPV1vYvBLFJ7tSB9xP4w=",
         "dev": true
      },
      "rocket-tools": {
         "version": "1.16.0",
         "resolved": "https://registry.npmjs.org/rocket-tools/-/rocket-tools-1.16.0.tgz",
         "integrity": "sha1-WW5Dgb/whfvYQSdbkNkwhlhhTt4=",
         "requires": {
            "es6-promise": "4.1.1"
         }
      }
   }
}
